// !$*UTF8*$!
{
	archiveVersion = 1;
	classes = {
	};
	objectVersion = 55;
	objects = {

/* Begin PBXBuildFile section */
		CE143B5C2825222000743C1D /* AppDelegate.swift in Sources */ = {isa = PBXBuildFile; fileRef = CE143B5B2825222000743C1D /* AppDelegate.swift */; };
		CE143B5E2825222000743C1D /* SceneDelegate.swift in Sources */ = {isa = PBXBuildFile; fileRef = CE143B5D2825222000743C1D /* SceneDelegate.swift */; };
		CE143B602825222000743C1D /* SplashViewController.swift in Sources */ = {isa = PBXBuildFile; fileRef = CE143B5F2825222000743C1D /* SplashViewController.swift */; };
		CE143B632825222000743C1D /* Main.storyboard in Resources */ = {isa = PBXBuildFile; fileRef = CE143B612825222000743C1D /* Main.storyboard */; };
		CE143B652825222100743C1D /* Assets.xcassets in Resources */ = {isa = PBXBuildFile; fileRef = CE143B642825222100743C1D /* Assets.xcassets */; };
		CE143B682825222100743C1D /* LaunchScreen.storyboard in Resources */ = {isa = PBXBuildFile; fileRef = CE143B662825222100743C1D /* LaunchScreen.storyboard */; };
		CE1714B72829318B004203A9 /* Extension.swift in Sources */ = {isa = PBXBuildFile; fileRef = CE1714B62829318B004203A9 /* Extension.swift */; };
		CE1714BB28296629004203A9 /* Alerts.swift in Sources */ = {isa = PBXBuildFile; fileRef = CE1714BA28296629004203A9 /* Alerts.swift */; };
		CE6CE2F22825A620006D5621 /* LoginViewController.swift in Sources */ = {isa = PBXBuildFile; fileRef = CE6CE2F12825A620006D5621 /* LoginViewController.swift */; };
		CE6CE2F42825A634006D5621 /* RegisterViewController.swift in Sources */ = {isa = PBXBuildFile; fileRef = CE6CE2F32825A634006D5621 /* RegisterViewController.swift */; };
		CE6CE2F62825B83B006D5621 /* Constants.swift in Sources */ = {isa = PBXBuildFile; fileRef = CE6CE2F52825B83B006D5621 /* Constants.swift */; };
		CE6CE3382825E321006D5621 /* GoogleService-Info.plist in Resources */ = {isa = PBXBuildFile; fileRef = CE6CE3372825E321006D5621 /* GoogleService-Info.plist */; };
		CE6CE33B2825E6CD006D5621 /* Authentication.swift in Sources */ = {isa = PBXBuildFile; fileRef = CE6CE33A2825E6CC006D5621 /* Authentication.swift */; };
		CE6CE33E2825FEEB006D5621 /* DatabaseManager.swift in Sources */ = {isa = PBXBuildFile; fileRef = CE6CE33D2825FEEB006D5621 /* DatabaseManager.swift */; };
		CE6CE3402825FF31006D5621 /* User.swift in Sources */ = {isa = PBXBuildFile; fileRef = CE6CE33F2825FF31006D5621 /* User.swift */; };
		CE6CE34328260208006D5621 /* TableViewController.swift in Sources */ = {isa = PBXBuildFile; fileRef = CE6CE34228260208006D5621 /* TableViewController.swift */; };
		CE6CE34628260337006D5621 /* TableViewCell.swift in Sources */ = {isa = PBXBuildFile; fileRef = CE6CE34528260337006D5621 /* TableViewCell.swift */; };
		CE6CE3482826C20D006D5621 /* ProfileViewController.swift in Sources */ = {isa = PBXBuildFile; fileRef = CE6CE3472826C20D006D5621 /* ProfileViewController.swift */; };
		CE6CE34C2827E1DB006D5621 /* Service.swift in Sources */ = {isa = PBXBuildFile; fileRef = CE6CE34B2827E1DB006D5621 /* Service.swift */; };
		DBF9A886D1F3ECC013BD0758 /* Pods_Collab.framework in Frameworks */ = {isa = PBXBuildFile; fileRef = 7E6C2E2616A59739CE6AAB5C /* Pods_Collab.framework */; };
/* End PBXBuildFile section */

/* Begin PBXFileReference section */
		11A7ADB588657689147F04D8 /* Pods-Collab.release.xcconfig */ = {isa = PBXFileReference; includeInIndex = 1; lastKnownFileType = text.xcconfig; name = "Pods-Collab.release.xcconfig"; path = "Target Support Files/Pods-Collab/Pods-Collab.release.xcconfig"; sourceTree = "<group>"; };
		3ED7EB684CE790E30D60AD7D /* Pods-Collab.debug.xcconfig */ = {isa = PBXFileReference; includeInIndex = 1; lastKnownFileType = text.xcconfig; name = "Pods-Collab.debug.xcconfig"; path = "Target Support Files/Pods-Collab/Pods-Collab.debug.xcconfig"; sourceTree = "<group>"; };
		7E6C2E2616A59739CE6AAB5C /* Pods_Collab.framework */ = {isa = PBXFileReference; explicitFileType = wrapper.framework; includeInIndex = 0; path = Pods_Collab.framework; sourceTree = BUILT_PRODUCTS_DIR; };
		CE143B582825222000743C1D /* Collab.app */ = {isa = PBXFileReference; explicitFileType = wrapper.application; includeInIndex = 0; path = Collab.app; sourceTree = BUILT_PRODUCTS_DIR; };
		CE143B5B2825222000743C1D /* AppDelegate.swift */ = {isa = PBXFileReference; lastKnownFileType = sourcecode.swift; path = AppDelegate.swift; sourceTree = "<group>"; };
		CE143B5D2825222000743C1D /* SceneDelegate.swift */ = {isa = PBXFileReference; lastKnownFileType = sourcecode.swift; path = SceneDelegate.swift; sourceTree = "<group>"; };
		CE143B5F2825222000743C1D /* SplashViewController.swift */ = {isa = PBXFileReference; lastKnownFileType = sourcecode.swift; path = SplashViewController.swift; sourceTree = "<group>"; };
		CE143B622825222000743C1D /* Base */ = {isa = PBXFileReference; lastKnownFileType = file.storyboard; name = Base; path = Base.lproj/Main.storyboard; sourceTree = "<group>"; };
		CE143B642825222100743C1D /* Assets.xcassets */ = {isa = PBXFileReference; lastKnownFileType = folder.assetcatalog; path = Assets.xcassets; sourceTree = "<group>"; };
		CE143B672825222100743C1D /* Base */ = {isa = PBXFileReference; lastKnownFileType = file.storyboard; name = Base; path = Base.lproj/LaunchScreen.storyboard; sourceTree = "<group>"; };
		CE143B692825222100743C1D /* Info.plist */ = {isa = PBXFileReference; lastKnownFileType = text.plist.xml; path = Info.plist; sourceTree = "<group>"; };
		CE1714B62829318B004203A9 /* Extension.swift */ = {isa = PBXFileReference; lastKnownFileType = sourcecode.swift; path = Extension.swift; sourceTree = "<group>"; };
		CE1714BA28296629004203A9 /* Alerts.swift */ = {isa = PBXFileReference; lastKnownFileType = sourcecode.swift; path = Alerts.swift; sourceTree = "<group>"; };
		CE6CE2F12825A620006D5621 /* LoginViewController.swift */ = {isa = PBXFileReference; lastKnownFileType = sourcecode.swift; path = LoginViewController.swift; sourceTree = "<group>"; };
		CE6CE2F32825A634006D5621 /* RegisterViewController.swift */ = {isa = PBXFileReference; lastKnownFileType = sourcecode.swift; path = RegisterViewController.swift; sourceTree = "<group>"; };
		CE6CE2F52825B83B006D5621 /* Constants.swift */ = {isa = PBXFileReference; lastKnownFileType = sourcecode.swift; path = Constants.swift; sourceTree = "<group>"; };
		CE6CE3372825E321006D5621 /* GoogleService-Info.plist */ = {isa = PBXFileReference; fileEncoding = 4; lastKnownFileType = text.plist.xml; path = "GoogleService-Info.plist"; sourceTree = "<group>"; };
		CE6CE33A2825E6CC006D5621 /* Authentication.swift */ = {isa = PBXFileReference; lastKnownFileType = sourcecode.swift; path = Authentication.swift; sourceTree = "<group>"; };
		CE6CE33D2825FEEB006D5621 /* DatabaseManager.swift */ = {isa = PBXFileReference; lastKnownFileType = sourcecode.swift; path = DatabaseManager.swift; sourceTree = "<group>"; };
		CE6CE33F2825FF31006D5621 /* User.swift */ = {isa = PBXFileReference; lastKnownFileType = sourcecode.swift; path = User.swift; sourceTree = "<group>"; };
		CE6CE34228260208006D5621 /* TableViewController.swift */ = {isa = PBXFileReference; lastKnownFileType = sourcecode.swift; path = TableViewController.swift; sourceTree = "<group>"; };
		CE6CE34528260337006D5621 /* TableViewCell.swift */ = {isa = PBXFileReference; lastKnownFileType = sourcecode.swift; path = TableViewCell.swift; sourceTree = "<group>"; };
		CE6CE3472826C20D006D5621 /* ProfileViewController.swift */ = {isa = PBXFileReference; lastKnownFileType = sourcecode.swift; path = ProfileViewController.swift; sourceTree = "<group>"; };
		CE6CE34B2827E1DB006D5621 /* Service.swift */ = {isa = PBXFileReference; lastKnownFileType = sourcecode.swift; path = Service.swift; sourceTree = "<group>"; };
/* End PBXFileReference section */

/* Begin PBXFrameworksBuildPhase section */
		CE143B552825222000743C1D /* Frameworks */ = {
			isa = PBXFrameworksBuildPhase;
			buildActionMask = 2147483647;
			files = (
				DBF9A886D1F3ECC013BD0758 /* Pods_Collab.framework in Frameworks */,
			);
			runOnlyForDeploymentPostprocessing = 0;
		};
/* End PBXFrameworksBuildPhase section */

/* Begin PBXGroup section */
		1941C46546047FF59497C661 /* Pods */ = {
			isa = PBXGroup;
			children = (
				3ED7EB684CE790E30D60AD7D /* Pods-Collab.debug.xcconfig */,
				11A7ADB588657689147F04D8 /* Pods-Collab.release.xcconfig */,
			);
			path = Pods;
			sourceTree = "<group>";
		};
		45FDE25C024E3B5AB57AB648 /* Frameworks */ = {
			isa = PBXGroup;
			children = (
				7E6C2E2616A59739CE6AAB5C /* Pods_Collab.framework */,
			);
			name = Frameworks;
			sourceTree = "<group>";
		};
		CE143B4F2825222000743C1D = {
			isa = PBXGroup;
			children = (
				CE143B5A2825222000743C1D /* Collab */,
				CE143B592825222000743C1D /* Products */,
				1941C46546047FF59497C661 /* Pods */,
				45FDE25C024E3B5AB57AB648 /* Frameworks */,
			);
			sourceTree = "<group>";
		};
		CE143B592825222000743C1D /* Products */ = {
			isa = PBXGroup;
			children = (
				CE143B582825222000743C1D /* Collab.app */,
			);
			name = Products;
			sourceTree = "<group>";
		};
		CE143B5A2825222000743C1D /* Collab */ = {
			isa = PBXGroup;
			children = (
				CE143B5B2825222000743C1D /* AppDelegate.swift */,
				CE143B5D2825222000743C1D /* SceneDelegate.swift */,
				CE6CE33C2825E6D7006D5621 /* Model */,
				CE6CE3392825E6B7006D5621 /* Controller */,
				CE6CE34428260271006D5621 /* View */,
				CE6CE3412825FFDA006D5621 /* Helpers */,
				CE143B642825222100743C1D /* Assets.xcassets */,
				CE143B662825222100743C1D /* LaunchScreen.storyboard */,
				CE143B692825222100743C1D /* Info.plist */,
				CE6CE3372825E321006D5621 /* GoogleService-Info.plist */,
			);
			path = Collab;
			sourceTree = "<group>";
		};
		CE6CE3392825E6B7006D5621 /* Controller */ = {
			isa = PBXGroup;
			children = (
				CE143B5F2825222000743C1D /* SplashViewController.swift */,
				CE6CE2F12825A620006D5621 /* LoginViewController.swift */,
				CE6CE2F32825A634006D5621 /* RegisterViewController.swift */,
				CE6CE34228260208006D5621 /* TableViewController.swift */,
				CE6CE3472826C20D006D5621 /* ProfileViewController.swift */,
			);
			path = Controller;
			sourceTree = "<group>";
		};
		CE6CE33C2825E6D7006D5621 /* Model */ = {
			isa = PBXGroup;
			children = (
				CE6CE33A2825E6CC006D5621 /* Authentication.swift */,
				CE6CE33D2825FEEB006D5621 /* DatabaseManager.swift */,
				CE6CE33F2825FF31006D5621 /* User.swift */,
			);
			path = Model;
			sourceTree = "<group>";
		};
		CE6CE3412825FFDA006D5621 /* Helpers */ = {
			isa = PBXGroup;
			children = (
				CE6CE34B2827E1DB006D5621 /* Service.swift */,
				CE6CE2F52825B83B006D5621 /* Constants.swift */,
				CE1714B62829318B004203A9 /* Extension.swift */,
				CE1714BA28296629004203A9 /* Alerts.swift */,
			);
			path = Helpers;
			sourceTree = "<group>";
		};
		CE6CE34428260271006D5621 /* View */ = {
			isa = PBXGroup;
			children = (
				CE143B612825222000743C1D /* Main.storyboard */,
				CE6CE34528260337006D5621 /* TableViewCell.swift */,
			);
			path = View;
			sourceTree = "<group>";
		};
/* End PBXGroup section */

/* Begin PBXNativeTarget section */
		CE143B572825222000743C1D /* Collab */ = {
			isa = PBXNativeTarget;
			buildConfigurationList = CE143B6C2825222100743C1D /* Build configuration list for PBXNativeTarget "Collab" */;
			buildPhases = (
				D91CC2E21B79C82FA62C7059 /* [CP] Check Pods Manifest.lock */,
				CE143B542825222000743C1D /* Sources */,
				CE143B552825222000743C1D /* Frameworks */,
				CE143B562825222000743C1D /* Resources */,
				F5FF01A62D34E9F8E97FDC19 /* [CP] Embed Pods Frameworks */,
			);
			buildRules = (
			);
			dependencies = (
			);
			name = Collab;
			productName = Collab;
			productReference = CE143B582825222000743C1D /* Collab.app */;
			productType = "com.apple.product-type.application";
		};
/* End PBXNativeTarget section */

/* Begin PBXProject section */
		CE143B502825222000743C1D /* Project object */ = {
			isa = PBXProject;
			attributes = {
				BuildIndependentTargetsInParallel = 1;
				LastSwiftUpdateCheck = 1330;
				LastUpgradeCheck = 1330;
				TargetAttributes = {
					CE143B572825222000743C1D = {
						CreatedOnToolsVersion = 13.3.1;
					};
				};
			};
			buildConfigurationList = CE143B532825222000743C1D /* Build configuration list for PBXProject "Collab" */;
			compatibilityVersion = "Xcode 13.0";
			developmentRegion = en;
			hasScannedForEncodings = 0;
			knownRegions = (
				en,
				Base,
			);
			mainGroup = CE143B4F2825222000743C1D;
			productRefGroup = CE143B592825222000743C1D /* Products */;
			projectDirPath = "";
			projectRoot = "";
			targets = (
				CE143B572825222000743C1D /* Collab */,
			);
		};
/* End PBXProject section */

/* Begin PBXResourcesBuildPhase section */
		CE143B562825222000743C1D /* Resources */ = {
			isa = PBXResourcesBuildPhase;
			buildActionMask = 2147483647;
			files = (
				CE143B682825222100743C1D /* LaunchScreen.storyboard in Resources */,
				CE6CE3382825E321006D5621 /* GoogleService-Info.plist in Resources */,
				CE143B652825222100743C1D /* Assets.xcassets in Resources */,
				CE143B632825222000743C1D /* Main.storyboard in Resources */,
			);
			runOnlyForDeploymentPostprocessing = 0;
		};
/* End PBXResourcesBuildPhase section */

/* Begin PBXShellScriptBuildPhase section */
		D91CC2E21B79C82FA62C7059 /* [CP] Check Pods Manifest.lock */ = {
			isa = PBXShellScriptBuildPhase;
			buildActionMask = 2147483647;
			files = (
			);
			inputFileListPaths = (
			);
			inputPaths = (
				"${PODS_PODFILE_DIR_PATH}/Podfile.lock",
				"${PODS_ROOT}/Manifest.lock",
			);
			name = "[CP] Check Pods Manifest.lock";
			outputFileListPaths = (
			);
			outputPaths = (
				"$(DERIVED_FILE_DIR)/Pods-Collab-checkManifestLockResult.txt",
			);
			runOnlyForDeploymentPostprocessing = 0;
			shellPath = /bin/sh;
			shellScript = "diff \"${PODS_PODFILE_DIR_PATH}/Podfile.lock\" \"${PODS_ROOT}/Manifest.lock\" > /dev/null\nif [ $? != 0 ] ; then\n    # print error to STDERR\n    echo \"error: The sandbox is not in sync with the Podfile.lock. Run 'pod install' or update your CocoaPods installation.\" >&2\n    exit 1\nfi\n# This output is used by Xcode 'outputs' to avoid re-running this script phase.\necho \"SUCCESS\" > \"${SCRIPT_OUTPUT_FILE_0}\"\n";
			showEnvVarsInLog = 0;
		};
		F5FF01A62D34E9F8E97FDC19 /* [CP] Embed Pods Frameworks */ = {
			isa = PBXShellScriptBuildPhase;
			buildActionMask = 2147483647;
			files = (
			);
			inputFileListPaths = (
				"${PODS_ROOT}/Target Support Files/Pods-Collab/Pods-Collab-frameworks-${CONFIGURATION}-input-files.xcfilelist",
			);
			name = "[CP] Embed Pods Frameworks";
			outputFileListPaths = (
				"${PODS_ROOT}/Target Support Files/Pods-Collab/Pods-Collab-frameworks-${CONFIGURATION}-output-files.xcfilelist",
			);
			runOnlyForDeploymentPostprocessing = 0;
			shellPath = /bin/sh;
			shellScript = "\"${PODS_ROOT}/Target Support Files/Pods-Collab/Pods-Collab-frameworks.sh\"\n";
			showEnvVarsInLog = 0;
		};
/* End PBXShellScriptBuildPhase section */

/* Begin PBXSourcesBuildPhase section */
		CE143B542825222000743C1D /* Sources */ = {
			isa = PBXSourcesBuildPhase;
			buildActionMask = 2147483647;
			files = (
				CE6CE33B2825E6CD006D5621 /* Authentication.swift in Sources */,
				CE1714BB28296629004203A9 /* Alerts.swift in Sources */,
				CE6CE34C2827E1DB006D5621 /* Service.swift in Sources */,
				CE6CE2F22825A620006D5621 /* LoginViewController.swift in Sources */,
				CE6CE2F42825A634006D5621 /* RegisterViewController.swift in Sources */,
				CE6CE34328260208006D5621 /* TableViewController.swift in Sources */,
				CE143B602825222000743C1D /* SplashViewController.swift in Sources */,
				CE143B5C2825222000743C1D /* AppDelegate.swift in Sources */,
				CE6CE3482826C20D006D5621 /* ProfileViewController.swift in Sources */,
				CE6CE34628260337006D5621 /* TableViewCell.swift in Sources */,
				CE1714B72829318B004203A9 /* Extension.swift in Sources */,
				CE6CE3402825FF31006D5621 /* User.swift in Sources */,
				CE143B5E2825222000743C1D /* SceneDelegate.swift in Sources */,
				CE6CE33E2825FEEB006D5621 /* DatabaseManager.swift in Sources */,
				CE6CE2F62825B83B006D5621 /* Constants.swift in Sources */,
			);
			runOnlyForDeploymentPostprocessing = 0;
		};
/* End PBXSourcesBuildPhase section */

/* Begin PBXVariantGroup section */
		CE143B612825222000743C1D /* Main.storyboard */ = {
			isa = PBXVariantGroup;
			children = (
				CE143B622825222000743C1D /* Base */,
			);
			name = Main.storyboard;
			sourceTree = "<group>";
		};
		CE143B662825222100743C1D /* LaunchScreen.storyboard */ = {
			isa = PBXVariantGroup;
			children = (
				CE143B672825222100743C1D /* Base */,
			);
			name = LaunchScreen.storyboard;
			sourceTree = "<group>";
		};
/* End PBXVariantGroup section */

/* Begin XCBuildConfiguration section */
		CE143B6A2825222100743C1D /* Debug */ = {
			isa = XCBuildConfiguration;
			buildSettings = {
				ALWAYS_SEARCH_USER_PATHS = NO;
				CLANG_ANALYZER_NONNULL = YES;
				CLANG_ANALYZER_NUMBER_OBJECT_CONVERSION = YES_AGGRESSIVE;
				CLANG_CXX_LANGUAGE_STANDARD = "gnu++17";
				CLANG_ENABLE_MODULES = YES;
				CLANG_ENABLE_OBJC_ARC = YES;
				CLANG_ENABLE_OBJC_WEAK = YES;
				CLANG_WARN_BLOCK_CAPTURE_AUTORELEASING = YES;
				CLANG_WARN_BOOL_CONVERSION = YES;
				CLANG_WARN_COMMA = YES;
				CLANG_WARN_CONSTANT_CONVERSION = YES;
				CLANG_WARN_DEPRECATED_OBJC_IMPLEMENTATIONS = YES;
				CLANG_WARN_DIRECT_OBJC_ISA_USAGE = YES_ERROR;
				CLANG_WARN_DOCUMENTATION_COMMENTS = YES;
				CLANG_WARN_EMPTY_BODY = YES;
				CLANG_WARN_ENUM_CONVERSION = YES;
				CLANG_WARN_INFINITE_RECURSION = YES;
				CLANG_WARN_INT_CONVERSION = YES;
				CLANG_WARN_NON_LITERAL_NULL_CONVERSION = YES;
				CLANG_WARN_OBJC_IMPLICIT_RETAIN_SELF = YES;
				CLANG_WARN_OBJC_LITERAL_CONVERSION = YES;
				CLANG_WARN_OBJC_ROOT_CLASS = YES_ERROR;
				CLANG_WARN_QUOTED_INCLUDE_IN_FRAMEWORK_HEADER = YES;
				CLANG_WARN_RANGE_LOOP_ANALYSIS = YES;
				CLANG_WARN_STRICT_PROTOTYPES = YES;
				CLANG_WARN_SUSPICIOUS_MOVE = YES;
				CLANG_WARN_UNGUARDED_AVAILABILITY = YES_AGGRESSIVE;
				CLANG_WARN_UNREACHABLE_CODE = YES;
				CLANG_WARN__DUPLICATE_METHOD_MATCH = YES;
				COPY_PHASE_STRIP = NO;
				DEBUG_INFORMATION_FORMAT = dwarf;
				ENABLE_STRICT_OBJC_MSGSEND = YES;
				ENABLE_TESTABILITY = YES;
				GCC_C_LANGUAGE_STANDARD = gnu11;
				GCC_DYNAMIC_NO_PIC = NO;
				GCC_NO_COMMON_BLOCKS = YES;
				GCC_OPTIMIZATION_LEVEL = 0;
				GCC_PREPROCESSOR_DEFINITIONS = (
					"DEBUG=1",
					"$(inherited)",
				);
				GCC_WARN_64_TO_32_BIT_CONVERSION = YES;
				GCC_WARN_ABOUT_RETURN_TYPE = YES_ERROR;
				GCC_WARN_UNDECLARED_SELECTOR = YES;
				GCC_WARN_UNINITIALIZED_AUTOS = YES_AGGRESSIVE;
				GCC_WARN_UNUSED_FUNCTION = YES;
				GCC_WARN_UNUSED_VARIABLE = YES;
				IPHONEOS_DEPLOYMENT_TARGET = 15.4;
				MTL_ENABLE_DEBUG_INFO = INCLUDE_SOURCE;
				MTL_FAST_MATH = YES;
				ONLY_ACTIVE_ARCH = YES;
				SDKROOT = iphoneos;
				SWIFT_ACTIVE_COMPILATION_CONDITIONS = DEBUG;
				SWIFT_OPTIMIZATION_LEVEL = "-Onone";
			};
			name = Debug;
		};
		CE143B6B2825222100743C1D /* Release */ = {
			isa = XCBuildConfiguration;
			buildSettings = {
				ALWAYS_SEARCH_USER_PATHS = NO;
				CLANG_ANALYZER_NONNULL = YES;
				CLANG_ANALYZER_NUMBER_OBJECT_CONVERSION = YES_AGGRESSIVE;
				CLANG_CXX_LANGUAGE_STANDARD = "gnu++17";
				CLANG_ENABLE_MODULES = YES;
				CLANG_ENABLE_OBJC_ARC = YES;
				CLANG_ENABLE_OBJC_WEAK = YES;
				CLANG_WARN_BLOCK_CAPTURE_AUTORELEASING = YES;
				CLANG_WARN_BOOL_CONVERSION = YES;
				CLANG_WARN_COMMA = YES;
				CLANG_WARN_CONSTANT_CONVERSION = YES;
				CLANG_WARN_DEPRECATED_OBJC_IMPLEMENTATIONS = YES;
				CLANG_WARN_DIRECT_OBJC_ISA_USAGE = YES_ERROR;
				CLANG_WARN_DOCUMENTATION_COMMENTS = YES;
				CLANG_WARN_EMPTY_BODY = YES;
				CLANG_WARN_ENUM_CONVERSION = YES;
				CLANG_WARN_INFINITE_RECURSION = YES;
				CLANG_WARN_INT_CONVERSION = YES;
				CLANG_WARN_NON_LITERAL_NULL_CONVERSION = YES;
				CLANG_WARN_OBJC_IMPLICIT_RETAIN_SELF = YES;
				CLANG_WARN_OBJC_LITERAL_CONVERSION = YES;
				CLANG_WARN_OBJC_ROOT_CLASS = YES_ERROR;
				CLANG_WARN_QUOTED_INCLUDE_IN_FRAMEWORK_HEADER = YES;
				CLANG_WARN_RANGE_LOOP_ANALYSIS = YES;
				CLANG_WARN_STRICT_PROTOTYPES = YES;
				CLANG_WARN_SUSPICIOUS_MOVE = YES;
				CLANG_WARN_UNGUARDED_AVAILABILITY = YES_AGGRESSIVE;
				CLANG_WARN_UNREACHABLE_CODE = YES;
				CLANG_WARN__DUPLICATE_METHOD_MATCH = YES;
				COPY_PHASE_STRIP = NO;
				DEBUG_INFORMATION_FORMAT = "dwarf-with-dsym";
				ENABLE_NS_ASSERTIONS = NO;
				ENABLE_STRICT_OBJC_MSGSEND = YES;
				GCC_C_LANGUAGE_STANDARD = gnu11;
				GCC_NO_COMMON_BLOCKS = YES;
				GCC_WARN_64_TO_32_BIT_CONVERSION = YES;
				GCC_WARN_ABOUT_RETURN_TYPE = YES_ERROR;
				GCC_WARN_UNDECLARED_SELECTOR = YES;
				GCC_WARN_UNINITIALIZED_AUTOS = YES_AGGRESSIVE;
				GCC_WARN_UNUSED_FUNCTION = YES;
				GCC_WARN_UNUSED_VARIABLE = YES;
				IPHONEOS_DEPLOYMENT_TARGET = 15.4;
				MTL_ENABLE_DEBUG_INFO = NO;
				MTL_FAST_MATH = YES;
				SDKROOT = iphoneos;
				SWIFT_COMPILATION_MODE = wholemodule;
				SWIFT_OPTIMIZATION_LEVEL = "-O";
				VALIDATE_PRODUCT = YES;
			};
			name = Release;
		};
		CE143B6D2825222100743C1D /* Debug */ = {
			isa = XCBuildConfiguration;
			baseConfigurationReference = 3ED7EB684CE790E30D60AD7D /* Pods-Collab.debug.xcconfig */;
			buildSettings = {
				ASSETCATALOG_COMPILER_APPICON_NAME = AppIcon;
				ASSETCATALOG_COMPILER_GLOBAL_ACCENT_COLOR_NAME = AccentColor;
				CODE_SIGN_STYLE = Automatic;
				CURRENT_PROJECT_VERSION = 1;
				DEVELOPMENT_TEAM = NYBC469U45;
				GENERATE_INFOPLIST_FILE = YES;
				INFOPLIST_FILE = Collab/Info.plist;
				INFOPLIST_KEY_CFBundleDisplayName = Collab;
				INFOPLIST_KEY_NSPhotoLibraryUsageDescription = "Into Collab app usage only.";
				INFOPLIST_KEY_UIApplicationSupportsIndirectInputEvents = YES;
				INFOPLIST_KEY_UILaunchStoryboardName = LaunchScreen;
				INFOPLIST_KEY_UIMainStoryboardFile = Main;
				INFOPLIST_KEY_UISupportedInterfaceOrientations_iPad = "UIInterfaceOrientationPortrait UIInterfaceOrientationPortraitUpsideDown UIInterfaceOrientationLandscapeLeft UIInterfaceOrientationLandscapeRight";
				INFOPLIST_KEY_UISupportedInterfaceOrientations_iPhone = "UIInterfaceOrientationPortrait UIInterfaceOrientationLandscapeLeft UIInterfaceOrientationLandscapeRight";
				IPHONEOS_DEPLOYMENT_TARGET = 14.4;
				LD_RUNPATH_SEARCH_PATHS = (
					"$(inherited)",
					"@executable_path/Frameworks",
				);
				MARKETING_VERSION = 1.0;
				PRODUCT_BUNDLE_IDENTIFIER = com.chuvashov.Collab;
				PRODUCT_NAME = "$(TARGET_NAME)";
				SWIFT_EMIT_LOC_STRINGS = YES;
				SWIFT_VERSION = 5.0;
				TARGETED_DEVICE_FAMILY = "1,2";
			};
			name = Debug;
		};
		CE143B6E2825222100743C1D /* Release */ = {
			isa = XCBuildConfiguration;
			baseConfigurationReference = 11A7ADB588657689147F04D8 /* Pods-Collab.release.xcconfig */;
			buildSettings = {
				ASSETCATALOG_COMPILER_APPICON_NAME = AppIcon;
				ASSETCATALOG_COMPILER_GLOBAL_ACCENT_COLOR_NAME = AccentColor;
				CODE_SIGN_STYLE = Automatic;
				CURRENT_PROJECT_VERSION = 1;
				DEVELOPMENT_TEAM = NYBC469U45;
				GENERATE_INFOPLIST_FILE = YES;
				INFOPLIST_FILE = Collab/Info.plist;
				INFOPLIST_KEY_CFBundleDisplayName = Collab;
				INFOPLIST_KEY_NSPhotoLibraryUsageDescription = "Into Collab app usage only.";
				INFOPLIST_KEY_UIApplicationSupportsIndirectInputEvents = YES;
				INFOPLIST_KEY_UILaunchStoryboardName = LaunchScreen;
				INFOPLIST_KEY_UIMainStoryboardFile = Main;
				INFOPLIST_KEY_UISupportedInterfaceOrientations_iPad = "UIInterfaceOrientationPortrait UIInterfaceOrientationPortraitUpsideDown UIInterfaceOrientationLandscapeLeft UIInterfaceOrientationLandscapeRight";
				INFOPLIST_KEY_UISupportedInterfaceOrientations_iPhone = "UIInterfaceOrientationPortrait UIInterfaceOrientationLandscapeLeft UIInterfaceOrientationLandscapeRight";
				IPHONEOS_DEPLOYMENT_TARGET = 14.4;
				LD_RUNPATH_SEARCH_PATHS = (
					"$(inherited)",
					"@executable_path/Frameworks",
				);
				MARKETING_VERSION = 1.0;
				PRODUCT_BUNDLE_IDENTIFIER = com.chuvashov.Collab;
				PRODUCT_NAME = "$(TARGET_NAME)";
				SWIFT_EMIT_LOC_STRINGS = YES;
				SWIFT_VERSION = 5.0;
				TARGETED_DEVICE_FAMILY = "1,2";
			};
			name = Release;
		};
/* End XCBuildConfiguration section */

/* Begin XCConfigurationList section */
		CE143B532825222000743C1D /* Build configuration list for PBXProject "Collab" */ = {
			isa = XCConfigurationList;
			buildConfigurations = (
				CE143B6A2825222100743C1D /* Debug */,
				CE143B6B2825222100743C1D /* Release */,
			);
			defaultConfigurationIsVisible = 0;
			defaultConfigurationName = Release;
		};
		CE143B6C2825222100743C1D /* Build configuration list for PBXNativeTarget "Collab" */ = {
			isa = XCConfigurationList;
			buildConfigurations = (
				CE143B6D2825222100743C1D /* Debug */,
				CE143B6E2825222100743C1D /* Release */,
			);
			defaultConfigurationIsVisible = 0;
			defaultConfigurationName = Release;
		};
/* End XCConfigurationList section */
	};
	rootObject = CE143B502825222000743C1D /* Project object */;
}
